
Microsoft Visual Studio Solution File, Format Version 12.00
# Visual Studio Version 17
VisualStudioVersion = 17.7.34031.279
MinimumVisualStudioVersion = 10.0.40219.1
Project("{FAE04EC0-301F-11D3-BF4B-00C04F79EFBC}") = "FilmesAPI", "FilmesAPI\FilmesAPI.csproj", "{06F31667-C758-49C2-9063-16DE8B17040C}"
EndProject
Global
	GlobalSection(SolutionConfigurationPlatforms) = preSolution
		Debug|Any CPU = Debug|Any CPU
		Release|Any CPU = Release|Any CPU
	EndGlobalSection
	GlobalSection(ProjectConfigurationPlatforms) = postSolution
		{06F31667-C758-49C2-9063-16DE8B17040C}.Debug|Any CPU.ActiveCfg = Debug|Any CPU
		{06F31667-C758-49C2-9063-16DE8B17040C}.Debug|Any CPU.Build.0 = Debug|Any CPU
		{06F31667-C758-49C2-9063-16DE8B17040C}.Release|Any CPU.ActiveCfg = Release|Any CPU
		{06F31667-C758-49C2-9063-16DE8B17040C}.Release|Any CPU.Build.0 = Release|Any CPU
	EndGlobalSection
	GlobalSection(SolutionProperties) = preSolution
		HideSolutionNode = FALSE
	EndGlobalSection
	GlobalSection(ExtensibilityGlobals) = postSolution
		SolutionGuid = {1028AE2F-F843-4E72-BB4E-1D67C2751035}
	EndGlobalSection
EndGlobal
